
Microsoft Visual Studio Solution File, Format Version 12.00
# Visual Studio 15
VisualStudioVersion = 15.0.28307.757
MinimumVisualStudioVersion = 10.0.40219.1
Project("{FAE04EC0-301F-11D3-BF4B-00C04F79EFBC}") = "Tool Application Assessment", "Tool Application Assessment\Tool Application Assessment.csproj", "{0A12A2FA-003E-4DA0-8DF9-F91E17013C89}"
EndProject
Global
	GlobalSection(SolutionConfigurationPlatforms) = preSolution
		Debug|Any CPU = Debug|Any CPU
		Release|Any CPU = Release|Any CPU
	EndGlobalSection
	GlobalSection(ProjectConfigurationPlatforms) = postSolution
		{0A12A2FA-003E-4DA0-8DF9-F91E17013C89}.Debug|Any CPU.ActiveCfg = Debug|Any CPU
		{0A12A2FA-003E-4DA0-8DF9-F91E17013C89}.Debug|Any CPU.Build.0 = Debug|Any CPU
		{0A12A2FA-003E-4DA0-8DF9-F91E17013C89}.Release|Any CPU.ActiveCfg = Release|Any CPU
		{0A12A2FA-003E-4DA0-8DF9-F91E17013C89}.Release|Any CPU.Build.0 = Release|Any CPU
	EndGlobalSection
	GlobalSection(SolutionProperties) = preSolution
		HideSolutionNode = FALSE
	EndGlobalSection
	GlobalSection(ExtensibilityGlobals) = postSolution
		SolutionGuid = {D43D8B98-0337-49EF-A351-B31ACD5B931B}
	EndGlobalSection
EndGlobal
